
Microsoft Visual Studio Solution File, Format Version 12.00
# Visual Studio Version 17
VisualStudioVersion = 17.3.32929.385
MinimumVisualStudioVersion = 10.0.40219.1
Project("{FAE04EC0-301F-11D3-BF4B-00C04F79EFBC}") = "LocalizationInBlazor", "LocalizationInBlazor\LocalizationInBlazor.csproj", "{D0CB69DE-E6BB-4AD6-B245-9A91B82F45B5}"
EndProject
Global
	GlobalSection(SolutionConfigurationPlatforms) = preSolution
		Debug|Any CPU = Debug|Any CPU
		Release|Any CPU = Release|Any CPU
	EndGlobalSection
	GlobalSection(ProjectConfigurationPlatforms) = postSolution
		{D0CB69DE-E6BB-4AD6-B245-9A91B82F45B5}.Debug|Any CPU.ActiveCfg = Debug|Any CPU
		{D0CB69DE-E6BB-4AD6-B245-9A91B82F45B5}.Debug|Any CPU.Build.0 = Debug|Any CPU
		{D0CB69DE-E6BB-4AD6-B245-9A91B82F45B5}.Release|Any CPU.ActiveCfg = Release|Any CPU
		{D0CB69DE-E6BB-4AD6-B245-9A91B82F45B5}.Release|Any CPU.Build.0 = Release|Any CPU
	EndGlobalSection
	GlobalSection(SolutionProperties) = preSolution
		HideSolutionNode = FALSE
	EndGlobalSection
	GlobalSection(ExtensibilityGlobals) = postSolution
		SolutionGuid = {F4D7134A-84F8-4CBE-B1BE-87E82F63727C}
	EndGlobalSection
EndGlobal
